
Microsoft Visual Studio Solution File, Format Version 12.00
# Visual Studio Version 17
VisualStudioVersion = 17.11.35327.3
MinimumVisualStudioVersion = 10.0.40219.1
Project("{FAE04EC0-301F-11D3-BF4B-00C04F79EFBC}") = "ecommerce-.NETCore", "bulkyWeb\ecommerce-.NETCore.csproj", "{E112634C-3563-4B57-BC74-893179A5BE56}"
EndProject
Global
	GlobalSection(SolutionConfigurationPlatforms) = preSolution
		Debug|Any CPU = Debug|Any CPU
		Release|Any CPU = Release|Any CPU
	EndGlobalSection
	GlobalSection(ProjectConfigurationPlatforms) = postSolution
		{E112634C-3563-4B57-BC74-893179A5BE56}.Debug|Any CPU.ActiveCfg = Debug|Any CPU
		{E112634C-3563-4B57-BC74-893179A5BE56}.Debug|Any CPU.Build.0 = Debug|Any CPU
		{E112634C-3563-4B57-BC74-893179A5BE56}.Release|Any CPU.ActiveCfg = Release|Any CPU
		{E112634C-3563-4B57-BC74-893179A5BE56}.Release|Any CPU.Build.0 = Release|Any CPU
	EndGlobalSection
	GlobalSection(SolutionProperties) = preSolution
		HideSolutionNode = FALSE
	EndGlobalSection
	GlobalSection(ExtensibilityGlobals) = postSolution
		SolutionGuid = {072EBF97-D69A-405A-81CA-E5EBC2BF1BA1}
	EndGlobalSection
EndGlobal
